
Microsoft Visual Studio Solution File, Format Version 12.00
# Visual Studio Version 17
VisualStudioVersion = 17.5.33516.290
MinimumVisualStudioVersion = 10.0.40219.1
Project("{9A19103F-16F7-4668-BE54-9A1E7A4F7556}") = "FAnsi.Core", "FAnsi.Core\FAnsi.Core.csproj", "{8C45A685-8A13-477B-B89D-9A8C6E4A1234}"
EndProject
Project("{9A19103F-16F7-4668-BE54-9A1E7A4F7556}") = "FAnsi.MicrosoftSql", "FAnsi.MicrosoftSql\FAnsi.MicrosoftSql.csproj", "{8C45A685-8A13-477B-B89D-9A8C6E4A2234}"
EndProject
Project("{9A19103F-16F7-4668-BE54-9A1E7A4F7556}") = "FAnsi.MySql", "FAnsi.MySql\FAnsi.MySql.csproj", "{8C45A685-8A13-477B-B89D-9A8C6E4A3234}"
EndProject
Project("{9A19103F-16F7-4668-BE54-9A1E7A4F7556}") = "FAnsi.Oracle", "FAnsi.Oracle\FAnsi.Oracle.csproj", "{8C45A685-8A13-477B-B89D-9A8C6E4A4234}"
EndProject
Project("{9A19103F-16F7-4668-BE54-9A1E7A4F7556}") = "FAnsi.PostgreSql", "FAnsi.PostgreSql\FAnsi.PostgreSql.csproj", "{8C45A685-8A13-477B-B89D-9A8C6E4A5234}"
EndProject
Project("{9A19103F-16F7-4668-BE54-9A1E7A4F7556}") = "FAnsi.Sqlite", "FAnsi.Sqlite\FAnsi.Sqlite.csproj", "{8C45A685-8A13-477B-B89D-9A8C6E4A7234}"
EndProject
Project("{9A19103F-16F7-4668-BE54-9A1E7A4F7556}") = "FAnsi.Legacy", "FAnsi.Legacy\FAnsi.Legacy.csproj", "{8C45A685-8A13-477B-B89D-9A8C6E4A6234}"
EndProject
Project("{9A19103F-16F7-4668-BE54-9A1E7A4F7556}") = "FAnsi.Core.Tests", "Tests\FAnsi.Core.Tests\FAnsi.Core.Tests.csproj", "{A1B2C3D4-E5F6-4789-A1B2-C3D4E5F67890}"
EndProject
Project("{9A19103F-16F7-4668-BE54-9A1E7A4F7556}") = "FAnsi.MicrosoftSql.Tests", "Tests\FAnsi.MicrosoftSql.Tests\FAnsi.MicrosoftSql.Tests.csproj", "{A1B2C3D4-E5F6-4789-A1B2-C3D4E5F67891}"
EndProject
Project("{9A19103F-16F7-4668-BE54-9A1E7A4F7556}") = "FAnsi.MySql.Tests", "Tests\FAnsi.MySql.Tests\FAnsi.MySql.Tests.csproj", "{A1B2C3D4-E5F6-4789-A1B2-C3D4E5F67892}"
EndProject
Project("{9A19103F-16F7-4668-BE54-9A1E7A4F7556}") = "FAnsi.Oracle.Tests", "Tests\FAnsi.Oracle.Tests\FAnsi.Oracle.Tests.csproj", "{A1B2C3D4-E5F6-4789-A1B2-C3D4E5F67893}"
EndProject
Project("{9A19103F-16F7-4668-BE54-9A1E7A4F7556}") = "FAnsi.PostgreSql.Tests", "Tests\FAnsi.PostgreSql.Tests\FAnsi.PostgreSql.Tests.csproj", "{A1B2C3D4-E5F6-4789-A1B2-C3D4E5F67894}"
EndProject
Project("{9A19103F-16F7-4668-BE54-9A1E7A4F7556}") = "FAnsi.Sqlite.Tests", "Tests\FAnsi.Sqlite.Tests\FAnsi.Sqlite.Tests.csproj", "{A1B2C3D4-E5F6-4789-A1B2-C3D4E5F67895}"
EndProject
Project("{2150E333-8FDC-42A3-9474-1A3956D46DE8}") = "Tests", "Tests", "{6E411B20-D0CB-4F5E-9BDC-4910373C9812}"
EndProject
Project("{2150E333-8FDC-42A3-9474-1A3956D46DE8}") = "Solution Items", "Solution Items", "{1904EC10-14D9-4D9A-B570-2AD159F150A5}"
	ProjectSection(SolutionItems) = preProject
		CHANGELOG.md = CHANGELOG.md
		CommonMethods.doc.xml = CommonMethods.doc.xml
		Packages.md = Packages.md
		README.md = README.md
		SharedAssemblyInfo.cs = SharedAssemblyInfo.cs
	EndProjectSection
EndProject
Global
	GlobalSection(SolutionConfigurationPlatforms) = preSolution
		Debug|Any CPU = Debug|Any CPU
		Release|Any CPU = Release|Any CPU
	EndGlobalSection
	GlobalSection(ProjectConfigurationPlatforms) = postSolution
		{8C45A685-8A13-477B-B89D-9A8C6E4A1234}.Debug|Any CPU.ActiveCfg = Debug|Any CPU
		{8C45A685-8A13-477B-B89D-9A8C6E4A1234}.Debug|Any CPU.Build.0 = Debug|Any CPU
		{8C45A685-8A13-477B-B89D-9A8C6E4A1234}.Release|Any CPU.ActiveCfg = Release|Any CPU
		{8C45A685-8A13-477B-B89D-9A8C6E4A1234}.Release|Any CPU.Build.0 = Release|Any CPU
		{8C45A685-8A13-477B-B89D-9A8C6E4A2234}.Debug|Any CPU.ActiveCfg = Debug|Any CPU
		{8C45A685-8A13-477B-B89D-9A8C6E4A2234}.Debug|Any CPU.Build.0 = Debug|Any CPU
		{8C45A685-8A13-477B-B89D-9A8C6E4A2234}.Release|Any CPU.ActiveCfg = Release|Any CPU
		{8C45A685-8A13-477B-B89D-9A8C6E4A2234}.Release|Any CPU.Build.0 = Release|Any CPU
		{8C45A685-8A13-477B-B89D-9A8C6E4A3234}.Debug|Any CPU.ActiveCfg = Debug|Any CPU
		{8C45A685-8A13-477B-B89D-9A8C6E4A3234}.Debug|Any CPU.Build.0 = Debug|Any CPU
		{8C45A685-8A13-477B-B89D-9A8C6E4A3234}.Release|Any CPU.ActiveCfg = Release|Any CPU
		{8C45A685-8A13-477B-B89D-9A8C6E4A3234}.Release|Any CPU.Build.0 = Release|Any CPU
		{8C45A685-8A13-477B-B89D-9A8C6E4A4234}.Debug|Any CPU.ActiveCfg = Debug|Any CPU
		{8C45A685-8A13-477B-B89D-9A8C6E4A4234}.Debug|Any CPU.Build.0 = Debug|Any CPU
		{8C45A685-8A13-477B-B89D-9A8C6E4A4234}.Release|Any CPU.ActiveCfg = Release|Any CPU
		{8C45A685-8A13-477B-B89D-9A8C6E4A4234}.Release|Any CPU.Build.0 = Release|Any CPU
		{8C45A685-8A13-477B-B89D-9A8C6E4A5234}.Debug|Any CPU.ActiveCfg = Debug|Any CPU
		{8C45A685-8A13-477B-B89D-9A8C6E4A5234}.Debug|Any CPU.Build.0 = Debug|Any CPU
		{8C45A685-8A13-477B-B89D-9A8C6E4A5234}.Release|Any CPU.ActiveCfg = Release|Any CPU
		{8C45A685-8A13-477B-B89D-9A8C6E4A5234}.Release|Any CPU.Build.0 = Release|Any CPU
		{8C45A685-8A13-477B-B89D-9A8C6E4A7234}.Debug|Any CPU.ActiveCfg = Debug|Any CPU
		{8C45A685-8A13-477B-B89D-9A8C6E4A7234}.Debug|Any CPU.Build.0 = Debug|Any CPU
		{8C45A685-8A13-477B-B89D-9A8C6E4A7234}.Release|Any CPU.ActiveCfg = Release|Any CPU
		{8C45A685-8A13-477B-B89D-9A8C6E4A7234}.Release|Any CPU.Build.0 = Release|Any CPU
		{8C45A685-8A13-477B-B89D-9A8C6E4A6234}.Debug|Any CPU.ActiveCfg = Debug|Any CPU
		{8C45A685-8A13-477B-B89D-9A8C6E4A6234}.Debug|Any CPU.Build.0 = Debug|Any CPU
		{8C45A685-8A13-477B-B89D-9A8C6E4A6234}.Release|Any CPU.ActiveCfg = Release|Any CPU
		{8C45A685-8A13-477B-B89D-9A8C6E4A6234}.Release|Any CPU.Build.0 = Release|Any CPU
				{A1B2C3D4-E5F6-4789-A1B2-C3D4E5F67890}.Debug|Any CPU.ActiveCfg = Debug|Any CPU
		{A1B2C3D4-E5F6-4789-A1B2-C3D4E5F67890}.Debug|Any CPU.Build.0 = Debug|Any CPU
		{A1B2C3D4-E5F6-4789-A1B2-C3D4E5F67890}.Release|Any CPU.ActiveCfg = Release|Any CPU
		{A1B2C3D4-E5F6-4789-A1B2-C3D4E5F67890}.Release|Any CPU.Build.0 = Release|Any CPU
		{A1B2C3D4-E5F6-4789-A1B2-C3D4E5F67891}.Debug|Any CPU.ActiveCfg = Debug|Any CPU
		{A1B2C3D4-E5F6-4789-A1B2-C3D4E5F67891}.Debug|Any CPU.Build.0 = Debug|Any CPU
		{A1B2C3D4-E5F6-4789-A1B2-C3D4E5F67891}.Release|Any CPU.ActiveCfg = Release|Any CPU
		{A1B2C3D4-E5F6-4789-A1B2-C3D4E5F67891}.Release|Any CPU.Build.0 = Release|Any CPU
		{A1B2C3D4-E5F6-4789-A1B2-C3D4E5F67892}.Debug|Any CPU.ActiveCfg = Debug|Any CPU
		{A1B2C3D4-E5F6-4789-A1B2-C3D4E5F67892}.Debug|Any CPU.Build.0 = Debug|Any CPU
		{A1B2C3D4-E5F6-4789-A1B2-C3D4E5F67892}.Release|Any CPU.ActiveCfg = Release|Any CPU
		{A1B2C3D4-E5F6-4789-A1B2-C3D4E5F67892}.Release|Any CPU.Build.0 = Release|Any CPU
		{A1B2C3D4-E5F6-4789-A1B2-C3D4E5F67893}.Debug|Any CPU.ActiveCfg = Debug|Any CPU
		{A1B2C3D4-E5F6-4789-A1B2-C3D4E5F67893}.Debug|Any CPU.Build.0 = Debug|Any CPU
		{A1B2C3D4-E5F6-4789-A1B2-C3D4E5F67893}.Release|Any CPU.ActiveCfg = Release|Any CPU
		{A1B2C3D4-E5F6-4789-A1B2-C3D4E5F67893}.Release|Any CPU.Build.0 = Release|Any CPU
		{A1B2C3D4-E5F6-4789-A1B2-C3D4E5F67894}.Debug|Any CPU.ActiveCfg = Debug|Any CPU
		{A1B2C3D4-E5F6-4789-A1B2-C3D4E5F67894}.Debug|Any CPU.Build.0 = Debug|Any CPU
		{A1B2C3D4-E5F6-4789-A1B2-C3D4E5F67894}.Release|Any CPU.ActiveCfg = Release|Any CPU
		{A1B2C3D4-E5F6-4789-A1B2-C3D4E5F67894}.Release|Any CPU.Build.0 = Release|Any CPU
		{A1B2C3D4-E5F6-4789-A1B2-C3D4E5F67895}.Debug|Any CPU.ActiveCfg = Debug|Any CPU
		{A1B2C3D4-E5F6-4789-A1B2-C3D4E5F67895}.Debug|Any CPU.Build.0 = Debug|Any CPU
		{A1B2C3D4-E5F6-4789-A1B2-C3D4E5F67895}.Release|Any CPU.ActiveCfg = Release|Any CPU
		{A1B2C3D4-E5F6-4789-A1B2-C3D4E5F67895}.Release|Any CPU.Build.0 = Release|Any CPU
	EndGlobalSection
	GlobalSection(SolutionProperties) = preSolution
		HideSolutionNode = FALSE
	EndGlobalSection
	GlobalSection(NestedProjects) = preSolution
				{A1B2C3D4-E5F6-4789-A1B2-C3D4E5F67890} = {6E411B20-D0CB-4F5E-9BDC-4910373C9812}
		{A1B2C3D4-E5F6-4789-A1B2-C3D4E5F67891} = {6E411B20-D0CB-4F5E-9BDC-4910373C9812}
		{A1B2C3D4-E5F6-4789-A1B2-C3D4E5F67892} = {6E411B20-D0CB-4F5E-9BDC-4910373C9812}
		{A1B2C3D4-E5F6-4789-A1B2-C3D4E5F67893} = {6E411B20-D0CB-4F5E-9BDC-4910373C9812}
		{A1B2C3D4-E5F6-4789-A1B2-C3D4E5F67894} = {6E411B20-D0CB-4F5E-9BDC-4910373C9812}
		{A1B2C3D4-E5F6-4789-A1B2-C3D4E5F67895} = {6E411B20-D0CB-4F5E-9BDC-4910373C9812}
	EndGlobalSection
	GlobalSection(ExtensibilityGlobals) = postSolution
		SolutionGuid = {995D3A83-EB2E-4635-87E7-9A7865A05EF0}
	EndGlobalSection
EndGlobal
