{
  "version": 1,
  "dependencies": {
    "net9.0": {
      "HIC.TypeGuesser": {
        "type": "Direct",
        "requested": "[1.2.7, )",
        "resolved": "1.2.7",
        "contentHash": "A5XApSjV/v/KS1vTimYBS05blRmiiCqFvJs7A6Xyo7uyjbtvmBmM/r0sxZaXQdxp09AbumsV775sw5RuTZazLQ=="
      },
      "Microsoft.NET.ILLink.Tasks": {
        "type": "Direct",
        "requested": "[9.0.10, )",
        "resolved": "9.0.10",
        "contentHash": "sseaSJcBxKEpkc59hnB00b3NmJdGvJLfj74HK+nucHxERxbZSUREuWKjC9ywc+HdzJvJyiP2eiyEOROaGSfcPw=="
      },
      "Microsoft.SourceLink.GitHub": {
        "type": "Direct",
        "requested": "[8.0.0, )",
        "resolved": "8.0.0",
        "contentHash": "G5q7OqtwIyGTkeIOAc3u2ZuV/kicQaec5EaRnc0pIeSnh9LUjj+PYQrJYBURvDt7twGl2PKA7nSN0kz1Zw5bnQ==",
        "dependencies": {
          "Microsoft.Build.Tasks.Git": "8.0.0",
          "Microsoft.SourceLink.Common": "8.0.0"
        }
      },
      "MinVer": {
        "type": "Direct",
        "requested": "[6.0.0, )",
        "resolved": "6.0.0",
        "contentHash": "+/SsmiySsXJlvQLCGBqaZKNVt3s/Y/HbAdwtop7Km2CnuZbaScoqkWJEBQ5Cy9ebkn6kCYKrHsXgwrFdTgcb3g=="
      },
      "System.Linq.Async": {
        "type": "Direct",
        "requested": "[6.0.3, )",
        "resolved": "6.0.3",
        "contentHash": "hSHiq2m1ky7zUQgTp+/2h1K3lABIQ+GltRixoclHPg/Sc1vnfeS6g/Uy5moOVZKrZJdQiFPFZd6OobBp3tZcFg=="
      },
      "Microsoft.Build.Tasks.Git": {
        "type": "Transitive",
        "resolved": "8.0.0",
        "contentHash": "bZKfSIKJRXLTuSzLudMFte/8CempWjVamNUR5eHJizsy+iuOuO/k2gnh7W0dHJmYY0tBf+gUErfluCv5mySAOQ=="
      },
      "Microsoft.SourceLink.Common": {
        "type": "Transitive",
        "resolved": "8.0.0",
        "contentHash": "dk9JPxTCIevS75HyEQ0E4OVAFhB2N+V9ShCXf8Q6FkUQZDkgLI12y679Nym1YqsiSysuQskT7Z+6nUf3yab6Vw=="
      }
    }
  }
}